<?xml version="1.0" encoding="utf-8"?>
<Project ToolsVersion="4.0" xmlns="http://schemas.microsoft.com/developer/msbuild/2003">
  <ItemGroup>
    <Filter Include="소스 파일">
      <UniqueIdentifier>{4FC737F1-C7A5-4376-A066-2A32D752A2FF}</UniqueIdentifier>
      <Extensions>cpp;c;cc;cxx;c++;cppm;ixx;def;odl;idl;hpj;bat;asm;asmx</Extensions>
    </Filter>
    <Filter Include="헤더 파일">
      <UniqueIdentifier>{93995380-89BD-4b04-88EB-625FBE52EBFB}</UniqueIdentifier>
      <Extensions>h;hh;hpp;hxx;h++;hm;inl;inc;ipp;xsd</Extensions>
    </Filter>
    <Filter Include="리소스 파일">
      <UniqueIdentifier>{67DA6AB6-F800-4c08-8B7A-83BB121AAD01}</UniqueIdentifier>
      <Extensions>rc;ico;cur;bmp;dlg;rc2;rct;bin;rgs;gif;jpg;jpeg;jpe;resx;tiff;tif;png;wav;mfcribbon-ms</Extensions>
    </Filter>
    <Filter Include="헤더 파일\manager">
      <UniqueIdentifier>{1f72b508-14b4-4244-8c85-8bad94db0122}</UniqueIdentifier>
    </Filter>
    <Filter Include="소스 파일\manager">
      <UniqueIdentifier>{98d29ec5-9e0e-44bb-9a76-1ec30bc49ec2}</UniqueIdentifier>
    </Filter>
    <Filter Include="소스 파일\actorstate">
      <UniqueIdentifier>{9a372f8a-5e0a-4b63-8610-473fbcb71253}</UniqueIdentifier>
    </Filter>
    <Filter Include="헤더 파일\actorstate">
      <UniqueIdentifier>{352bd9dc-ae7a-4981-8fdf-1466251d53b1}</UniqueIdentifier>
    </Filter>
    <Filter Include="헤더 파일\atomdef">
      <UniqueIdentifier>{ff52d294-b862-428e-a22f-d61ec0897009}</UniqueIdentifier>
    </Filter>
  </ItemGroup>
  <ItemGroup>
    <ClInclude Include="framework.h">
      <Filter>헤더 파일</Filter>
    </ClInclude>
    <ClInclude Include="pch.h">
      <Filter>헤더 파일</Filter>
    </ClInclude>
    <ClInclude Include="manager\ZoneSupervisor.h">
      <Filter>헤더 파일\manager</Filter>
    </ClInclude>
    <ClInclude Include="actorstate\ZoneState.h">
      <Filter>헤더 파일\actorstate</Filter>
    </ClInclude>
    <ClInclude Include="atomdef\ZoneMove.h">
      <Filter>헤더 파일\atomdef</Filter>
    </ClInclude>
    <ClInclude Include="atomdef\Battle.h">
      <Filter>헤더 파일\atomdef</Filter>
    </ClInclude>
  </ItemGroup>
  <ItemGroup>
    <ClCompile Include="dllmain.cpp">
      <Filter>소스 파일</Filter>
    </ClCompile>
    <ClCompile Include="pch.cpp">
      <Filter>소스 파일</Filter>
    </ClCompile>
    <ClCompile Include="manager\ZoneSupervisor.cpp">
      <Filter>소스 파일\manager</Filter>
    </ClCompile>
    <ClCompile Include="actorstate\ZoneState.cpp">
      <Filter>소스 파일\actorstate</Filter>
    </ClCompile>
  </ItemGroup>
</Project>