<?xml version="1.0" encoding="utf-8"?>
<Project ToolsVersion="4.0" xmlns="http://schemas.microsoft.com/developer/msbuild/2003">
  <ItemGroup>
    <Filter Include="소스 파일">
      <UniqueIdentifier>{4FC737F1-C7A5-4376-A066-2A32D752A2FF}</UniqueIdentifier>
      <Extensions>cpp;c;cc;cxx;c++;cppm;ixx;def;odl;idl;hpj;bat;asm;asmx</Extensions>
    </Filter>
    <Filter Include="헤더 파일">
      <UniqueIdentifier>{93995380-89BD-4b04-88EB-625FBE52EBFB}</UniqueIdentifier>
      <Extensions>h;hh;hpp;hxx;h++;hm;inl;inc;ipp;xsd</Extensions>
    </Filter>
    <Filter Include="리소스 파일">
      <UniqueIdentifier>{67DA6AB6-F800-4c08-8B7A-83BB121AAD01}</UniqueIdentifier>
      <Extensions>rc;ico;cur;bmp;dlg;rc2;rct;bin;rgs;gif;jpg;jpeg;jpe;resx;tiff;tif;png;wav;mfcribbon-ms</Extensions>
    </Filter>
    <Filter Include="헤더 파일\patterns">
      <UniqueIdentifier>{52eaff8f-5d63-4b91-99a4-8399a888743f}</UniqueIdentifier>
    </Filter>
    <Filter Include="헤더 파일\config">
      <UniqueIdentifier>{84beb7d0-38e6-4f60-8b4b-4137bee301c4}</UniqueIdentifier>
    </Filter>
    <Filter Include="헤더 파일\helper">
      <UniqueIdentifier>{055cc2be-18a4-4151-b2b8-27ceb3b74314}</UniqueIdentifier>
    </Filter>
    <Filter Include="헤더 파일\model">
      <UniqueIdentifier>{85433893-1221-4884-8306-a462141dfbf6}</UniqueIdentifier>
    </Filter>
    <Filter Include="소스 파일\model">
      <UniqueIdentifier>{504d983d-7a4b-4291-a236-a6170e5ea2a0}</UniqueIdentifier>
    </Filter>
    <Filter Include="헤더 파일\model\exception">
      <UniqueIdentifier>{50bf4394-ea85-4b71-a941-8eb4c61402ff}</UniqueIdentifier>
    </Filter>
    <Filter Include="소스 파일\model\exception">
      <UniqueIdentifier>{a270cd05-f37c-4882-949d-b3f8aaad0883}</UniqueIdentifier>
    </Filter>
  </ItemGroup>
  <ItemGroup>
    <ClInclude Include="framework.h">
      <Filter>헤더 파일</Filter>
    </ClInclude>
    <ClInclude Include="pch.h">
      <Filter>헤더 파일</Filter>
    </ClInclude>
    <ClInclude Include="patterns\Singleton.h">
      <Filter>헤더 파일\patterns</Filter>
    </ClInclude>
    <ClInclude Include="ServerUtility.h">
      <Filter>헤더 파일</Filter>
    </ClInclude>
    <ClInclude Include="helper\Convert.h">
      <Filter>헤더 파일\helper</Filter>
    </ClInclude>
    <ClInclude Include="helper\IO.h">
      <Filter>헤더 파일\helper</Filter>
    </ClInclude>
    <ClInclude Include="config\ActorSystemConfig.h">
      <Filter>헤더 파일\config</Filter>
    </ClInclude>
    <ClInclude Include="model\exception\WzbException.h">
      <Filter>헤더 파일\model\exception</Filter>
    </ClInclude>
    <ClInclude Include="model\exception\WzbSystemException.h">
      <Filter>헤더 파일\model\exception</Filter>
    </ClInclude>
    <ClInclude Include="model\exception\WzbContentsException.h">
      <Filter>헤더 파일\model\exception</Filter>
    </ClInclude>
  </ItemGroup>
  <ItemGroup>
    <ClCompile Include="dllmain.cpp">
      <Filter>소스 파일</Filter>
    </ClCompile>
    <ClCompile Include="pch.cpp">
      <Filter>소스 파일</Filter>
    </ClCompile>
    <ClCompile Include="model\exception\WzbException.cpp">
      <Filter>소스 파일\model\exception</Filter>
    </ClCompile>
    <ClCompile Include="model\exception\WzbSystemException.cpp">
      <Filter>소스 파일\model\exception</Filter>
    </ClCompile>
    <ClCompile Include="model\exception\WzbContentsException.cpp">
      <Filter>소스 파일\model\exception</Filter>
    </ClCompile>
  </ItemGroup>
</Project>