<?xml version="1.0" encoding="utf-8"?>
<Project ToolsVersion="4.0" xmlns="http://schemas.microsoft.com/developer/msbuild/2003">
  <ItemGroup>
    <Filter Include="소스 파일">
      <UniqueIdentifier>{4FC737F1-C7A5-4376-A066-2A32D752A2FF}</UniqueIdentifier>
      <Extensions>cpp;c;cc;cxx;c++;cppm;ixx;def;odl;idl;hpj;bat;asm;asmx</Extensions>
    </Filter>
    <Filter Include="헤더 파일">
      <UniqueIdentifier>{93995380-89BD-4b04-88EB-625FBE52EBFB}</UniqueIdentifier>
      <Extensions>h;hh;hpp;hxx;h++;hm;inl;inc;ipp;xsd</Extensions>
    </Filter>
    <Filter Include="리소스 파일">
      <UniqueIdentifier>{67DA6AB6-F800-4c08-8B7A-83BB121AAD01}</UniqueIdentifier>
      <Extensions>rc;ico;cur;bmp;dlg;rc2;rct;bin;rgs;gif;jpg;jpeg;jpe;resx;tiff;tif;png;wav;mfcribbon-ms</Extensions>
    </Filter>
    <Filter Include="헤더 파일\handler">
      <UniqueIdentifier>{8af7281a-9830-4cd5-96b9-343822cfd6f2}</UniqueIdentifier>
    </Filter>
    <Filter Include="소스 파일\handler">
      <UniqueIdentifier>{1c09dc23-26e4-492a-b992-f5216071c41d}</UniqueIdentifier>
    </Filter>
    <Filter Include="헤더 파일\interface">
      <UniqueIdentifier>{c7a2361f-8afd-44fc-88f0-a80f3ea702f9}</UniqueIdentifier>
    </Filter>
    <Filter Include="소스 파일\model">
      <UniqueIdentifier>{aea8884e-fbca-4338-ae79-a56b6bd6c3cc}</UniqueIdentifier>
    </Filter>
    <Filter Include="헤더 파일\model">
      <UniqueIdentifier>{3401ac09-e306-4f4a-8b2b-d7320879b41a}</UniqueIdentifier>
    </Filter>
  </ItemGroup>
  <ItemGroup>
    <ClCompile Include="ServerLauncher.cpp">
      <Filter>소스 파일</Filter>
    </ClCompile>
    <ClCompile Include="ClientState.cpp">
      <Filter>소스 파일</Filter>
    </ClCompile>
    <ClCompile Include="handler\LoginHandler.cpp">
      <Filter>소스 파일\handler</Filter>
    </ClCompile>
    <ClCompile Include="handler\ChatHandler.cpp">
      <Filter>소스 파일\handler</Filter>
    </ClCompile>
    <ClCompile Include="CAF_Atom.cpp">
      <Filter>소스 파일</Filter>
    </ClCompile>
    <ClCompile Include="handler\LobbyHandler.cpp">
      <Filter>소스 파일\handler</Filter>
    </ClCompile>
    <ClCompile Include="SingletonInstance.cpp">
      <Filter>소스 파일</Filter>
    </ClCompile>
    <ClCompile Include="handler\BattleHandler.cpp">
      <Filter>소스 파일\handler</Filter>
    </ClCompile>
  </ItemGroup>
  <ItemGroup>
    <ClInclude Include="ClientState.h">
      <Filter>헤더 파일</Filter>
    </ClInclude>
    <ClInclude Include="CAF_Atom.h">
      <Filter>헤더 파일</Filter>
    </ClInclude>
    <ClInclude Include="handler\LoginHandler.h">
      <Filter>헤더 파일\handler</Filter>
    </ClInclude>
    <ClInclude Include="interface\IMessageHandler.h">
      <Filter>헤더 파일\interface</Filter>
    </ClInclude>
    <ClInclude Include="handler\ChatHandler.h">
      <Filter>헤더 파일\handler</Filter>
    </ClInclude>
    <ClInclude Include="handler\LobbyHandler.h">
      <Filter>헤더 파일\handler</Filter>
    </ClInclude>
    <ClInclude Include="SingletonInstance.h">
      <Filter>헤더 파일</Filter>
    </ClInclude>
    <ClInclude Include="handler\BattleHandler.h">
      <Filter>헤더 파일\handler</Filter>
    </ClInclude>
  </ItemGroup>
</Project>