
Microsoft Visual Studio Solution File, Format Version 12.00
# Visual Studio Version 16
Project("{8BC9CEB8-8B4A-11D0-8D11-00A0C91BC942}") = "ALL_BUILD", "ALL_BUILD.vcxproj", "{01730E52-D6D2-3CA1-B682-EE7E40AD8CA3}"
	ProjectSection(ProjectDependencies) = postProject
		{ED2BA94A-6099-3F20-95CB-B56DA66097F4} = {ED2BA94A-6099-3F20-95CB-B56DA66097F4}
		{B35B0AE2-7275-3082-997D-0647F17354FE} = {B35B0AE2-7275-3082-997D-0647F17354FE}
		{19A1E1FA-871A-3784-B894-40DDBC377298} = {19A1E1FA-871A-3784-B894-40DDBC377298}
		{CF07F4F0-9AC3-3EB0-A44C-5FDD29F86C7B} = {CF07F4F0-9AC3-3EB0-A44C-5FDD29F86C7B}
		{86F9A7E0-9E72-3A89-87B9-15307E6F0B9C} = {86F9A7E0-9E72-3A89-87B9-15307E6F0B9C}
		{E1B3543A-8857-3C6E-8548-525EAFE4EFE3} = {E1B3543A-8857-3C6E-8548-525EAFE4EFE3}
		{5D2E31B7-659B-3A3F-9109-5194AE942352} = {5D2E31B7-659B-3A3F-9109-5194AE942352}
		{3BC3F827-FA54-3ED6-8631-6F230D044134} = {3BC3F827-FA54-3ED6-8631-6F230D044134}
		{8B949DCC-F771-359A-8FD0-072F6E6F02DF} = {8B949DCC-F771-359A-8FD0-072F6E6F02DF}
		{2A33DE77-186D-3A81-A496-88FA879A332C} = {2A33DE77-186D-3A81-A496-88FA879A332C}
		{3EA70C17-FD13-39E3-BD53-2DA355224F5E} = {3EA70C17-FD13-39E3-BD53-2DA355224F5E}
	EndProjectSection
EndProject
Project("{8BC9CEB8-8B4A-11D0-8D11-00A0C91BC942}") = "INSTALL", "INSTALL.vcxproj", "{5C856434-9329-3963-9E4B-436E06DF82E4}"
	ProjectSection(ProjectDependencies) = postProject
		{01730E52-D6D2-3CA1-B682-EE7E40AD8CA3} = {01730E52-D6D2-3CA1-B682-EE7E40AD8CA3}
		{ED2BA94A-6099-3F20-95CB-B56DA66097F4} = {ED2BA94A-6099-3F20-95CB-B56DA66097F4}
	EndProjectSection
EndProject
Project("{8BC9CEB8-8B4A-11D0-8D11-00A0C91BC942}") = "ZERO_CHECK", "ZERO_CHECK.vcxproj", "{ED2BA94A-6099-3F20-95CB-B56DA66097F4}"
	ProjectSection(ProjectDependencies) = postProject
	EndProjectSection
EndProject
Project("{8BC9CEB8-8B4A-11D0-8D11-00A0C91BC942}") = "check", "check.vcxproj", "{F3949406-ACB3-3535-A9E9-0A3E137C9BE2}"
	ProjectSection(ProjectDependencies) = postProject
		{ED2BA94A-6099-3F20-95CB-B56DA66097F4} = {ED2BA94A-6099-3F20-95CB-B56DA66097F4}
		{2A33DE77-186D-3A81-A496-88FA879A332C} = {2A33DE77-186D-3A81-A496-88FA879A332C}
		{3EA70C17-FD13-39E3-BD53-2DA355224F5E} = {3EA70C17-FD13-39E3-BD53-2DA355224F5E}
	EndProjectSection
EndProject
Project("{8BC9CEB8-8B4A-11D0-8D11-00A0C91BC942}") = "gmock", "gmock.vcxproj", "{B35B0AE2-7275-3082-997D-0647F17354FE}"
	ProjectSection(ProjectDependencies) = postProject
		{ED2BA94A-6099-3F20-95CB-B56DA66097F4} = {ED2BA94A-6099-3F20-95CB-B56DA66097F4}
	EndProjectSection
EndProject
Project("{8BC9CEB8-8B4A-11D0-8D11-00A0C91BC942}") = "gmock_main", "gmock_main.vcxproj", "{19A1E1FA-871A-3784-B894-40DDBC377298}"
	ProjectSection(ProjectDependencies) = postProject
		{ED2BA94A-6099-3F20-95CB-B56DA66097F4} = {ED2BA94A-6099-3F20-95CB-B56DA66097F4}
		{B35B0AE2-7275-3082-997D-0647F17354FE} = {B35B0AE2-7275-3082-997D-0647F17354FE}
	EndProjectSection
EndProject
Project("{8BC9CEB8-8B4A-11D0-8D11-00A0C91BC942}") = "libprotobuf", "libprotobuf.vcxproj", "{CF07F4F0-9AC3-3EB0-A44C-5FDD29F86C7B}"
	ProjectSection(ProjectDependencies) = postProject
		{ED2BA94A-6099-3F20-95CB-B56DA66097F4} = {ED2BA94A-6099-3F20-95CB-B56DA66097F4}
	EndProjectSection
EndProject
Project("{8BC9CEB8-8B4A-11D0-8D11-00A0C91BC942}") = "libprotobuf-lite", "libprotobuf-lite.vcxproj", "{86F9A7E0-9E72-3A89-87B9-15307E6F0B9C}"
	ProjectSection(ProjectDependencies) = postProject
		{ED2BA94A-6099-3F20-95CB-B56DA66097F4} = {ED2BA94A-6099-3F20-95CB-B56DA66097F4}
	EndProjectSection
EndProject
Project("{8BC9CEB8-8B4A-11D0-8D11-00A0C91BC942}") = "libprotoc", "libprotoc.vcxproj", "{E1B3543A-8857-3C6E-8548-525EAFE4EFE3}"
	ProjectSection(ProjectDependencies) = postProject
		{ED2BA94A-6099-3F20-95CB-B56DA66097F4} = {ED2BA94A-6099-3F20-95CB-B56DA66097F4}
		{CF07F4F0-9AC3-3EB0-A44C-5FDD29F86C7B} = {CF07F4F0-9AC3-3EB0-A44C-5FDD29F86C7B}
	EndProjectSection
EndProject
Project("{8BC9CEB8-8B4A-11D0-8D11-00A0C91BC942}") = "lite-arena-test", "lite-arena-test.vcxproj", "{5D2E31B7-659B-3A3F-9109-5194AE942352}"
	ProjectSection(ProjectDependencies) = postProject
		{ED2BA94A-6099-3F20-95CB-B56DA66097F4} = {ED2BA94A-6099-3F20-95CB-B56DA66097F4}
		{B35B0AE2-7275-3082-997D-0647F17354FE} = {B35B0AE2-7275-3082-997D-0647F17354FE}
		{19A1E1FA-871A-3784-B894-40DDBC377298} = {19A1E1FA-871A-3784-B894-40DDBC377298}
		{86F9A7E0-9E72-3A89-87B9-15307E6F0B9C} = {86F9A7E0-9E72-3A89-87B9-15307E6F0B9C}
		{8B949DCC-F771-359A-8FD0-072F6E6F02DF} = {8B949DCC-F771-359A-8FD0-072F6E6F02DF}
	EndProjectSection
EndProject
Project("{8BC9CEB8-8B4A-11D0-8D11-00A0C91BC942}") = "lite-test", "lite-test.vcxproj", "{3BC3F827-FA54-3ED6-8631-6F230D044134}"
	ProjectSection(ProjectDependencies) = postProject
		{ED2BA94A-6099-3F20-95CB-B56DA66097F4} = {ED2BA94A-6099-3F20-95CB-B56DA66097F4}
		{B35B0AE2-7275-3082-997D-0647F17354FE} = {B35B0AE2-7275-3082-997D-0647F17354FE}
		{19A1E1FA-871A-3784-B894-40DDBC377298} = {19A1E1FA-871A-3784-B894-40DDBC377298}
		{86F9A7E0-9E72-3A89-87B9-15307E6F0B9C} = {86F9A7E0-9E72-3A89-87B9-15307E6F0B9C}
		{8B949DCC-F771-359A-8FD0-072F6E6F02DF} = {8B949DCC-F771-359A-8FD0-072F6E6F02DF}
	EndProjectSection
EndProject
Project("{8BC9CEB8-8B4A-11D0-8D11-00A0C91BC942}") = "protoc", "protoc.vcxproj", "{8B949DCC-F771-359A-8FD0-072F6E6F02DF}"
	ProjectSection(ProjectDependencies) = postProject
		{ED2BA94A-6099-3F20-95CB-B56DA66097F4} = {ED2BA94A-6099-3F20-95CB-B56DA66097F4}
		{CF07F4F0-9AC3-3EB0-A44C-5FDD29F86C7B} = {CF07F4F0-9AC3-3EB0-A44C-5FDD29F86C7B}
		{E1B3543A-8857-3C6E-8548-525EAFE4EFE3} = {E1B3543A-8857-3C6E-8548-525EAFE4EFE3}
	EndProjectSection
EndProject
Project("{8BC9CEB8-8B4A-11D0-8D11-00A0C91BC942}") = "test_plugin", "test_plugin.vcxproj", "{2A33DE77-186D-3A81-A496-88FA879A332C}"
	ProjectSection(ProjectDependencies) = postProject
		{ED2BA94A-6099-3F20-95CB-B56DA66097F4} = {ED2BA94A-6099-3F20-95CB-B56DA66097F4}
		{B35B0AE2-7275-3082-997D-0647F17354FE} = {B35B0AE2-7275-3082-997D-0647F17354FE}
		{CF07F4F0-9AC3-3EB0-A44C-5FDD29F86C7B} = {CF07F4F0-9AC3-3EB0-A44C-5FDD29F86C7B}
		{E1B3543A-8857-3C6E-8548-525EAFE4EFE3} = {E1B3543A-8857-3C6E-8548-525EAFE4EFE3}
	EndProjectSection
EndProject
Project("{8BC9CEB8-8B4A-11D0-8D11-00A0C91BC942}") = "tests", "tests.vcxproj", "{3EA70C17-FD13-39E3-BD53-2DA355224F5E}"
	ProjectSection(ProjectDependencies) = postProject
		{ED2BA94A-6099-3F20-95CB-B56DA66097F4} = {ED2BA94A-6099-3F20-95CB-B56DA66097F4}
		{B35B0AE2-7275-3082-997D-0647F17354FE} = {B35B0AE2-7275-3082-997D-0647F17354FE}
		{19A1E1FA-871A-3784-B894-40DDBC377298} = {19A1E1FA-871A-3784-B894-40DDBC377298}
		{CF07F4F0-9AC3-3EB0-A44C-5FDD29F86C7B} = {CF07F4F0-9AC3-3EB0-A44C-5FDD29F86C7B}
		{E1B3543A-8857-3C6E-8548-525EAFE4EFE3} = {E1B3543A-8857-3C6E-8548-525EAFE4EFE3}
		{8B949DCC-F771-359A-8FD0-072F6E6F02DF} = {8B949DCC-F771-359A-8FD0-072F6E6F02DF}
	EndProjectSection
EndProject
Global
	GlobalSection(SolutionConfigurationPlatforms) = preSolution
		Debug|x64 = Debug|x64
		Release|x64 = Release|x64
		MinSizeRel|x64 = MinSizeRel|x64
		RelWithDebInfo|x64 = RelWithDebInfo|x64
	EndGlobalSection
	GlobalSection(ProjectConfigurationPlatforms) = postSolution
		{01730E52-D6D2-3CA1-B682-EE7E40AD8CA3}.Debug|x64.ActiveCfg = Debug|x64
		{01730E52-D6D2-3CA1-B682-EE7E40AD8CA3}.Debug|x64.Build.0 = Debug|x64
		{01730E52-D6D2-3CA1-B682-EE7E40AD8CA3}.Release|x64.ActiveCfg = Release|x64
		{01730E52-D6D2-3CA1-B682-EE7E40AD8CA3}.Release|x64.Build.0 = Release|x64
		{01730E52-D6D2-3CA1-B682-EE7E40AD8CA3}.MinSizeRel|x64.ActiveCfg = MinSizeRel|x64
		{01730E52-D6D2-3CA1-B682-EE7E40AD8CA3}.MinSizeRel|x64.Build.0 = MinSizeRel|x64
		{01730E52-D6D2-3CA1-B682-EE7E40AD8CA3}.RelWithDebInfo|x64.ActiveCfg = RelWithDebInfo|x64
		{01730E52-D6D2-3CA1-B682-EE7E40AD8CA3}.RelWithDebInfo|x64.Build.0 = RelWithDebInfo|x64
		{5C856434-9329-3963-9E4B-436E06DF82E4}.Debug|x64.ActiveCfg = Debug|x64
		{5C856434-9329-3963-9E4B-436E06DF82E4}.Release|x64.ActiveCfg = Release|x64
		{5C856434-9329-3963-9E4B-436E06DF82E4}.MinSizeRel|x64.ActiveCfg = MinSizeRel|x64
		{5C856434-9329-3963-9E4B-436E06DF82E4}.RelWithDebInfo|x64.ActiveCfg = RelWithDebInfo|x64
		{ED2BA94A-6099-3F20-95CB-B56DA66097F4}.Debug|x64.ActiveCfg = Debug|x64
		{ED2BA94A-6099-3F20-95CB-B56DA66097F4}.Debug|x64.Build.0 = Debug|x64
		{ED2BA94A-6099-3F20-95CB-B56DA66097F4}.Release|x64.ActiveCfg = Release|x64
		{ED2BA94A-6099-3F20-95CB-B56DA66097F4}.Release|x64.Build.0 = Release|x64
		{ED2BA94A-6099-3F20-95CB-B56DA66097F4}.MinSizeRel|x64.ActiveCfg = MinSizeRel|x64
		{ED2BA94A-6099-3F20-95CB-B56DA66097F4}.MinSizeRel|x64.Build.0 = MinSizeRel|x64
		{ED2BA94A-6099-3F20-95CB-B56DA66097F4}.RelWithDebInfo|x64.ActiveCfg = RelWithDebInfo|x64
		{ED2BA94A-6099-3F20-95CB-B56DA66097F4}.RelWithDebInfo|x64.Build.0 = RelWithDebInfo|x64
		{F3949406-ACB3-3535-A9E9-0A3E137C9BE2}.Debug|x64.ActiveCfg = Debug|x64
		{F3949406-ACB3-3535-A9E9-0A3E137C9BE2}.Release|x64.ActiveCfg = Release|x64
		{F3949406-ACB3-3535-A9E9-0A3E137C9BE2}.MinSizeRel|x64.ActiveCfg = MinSizeRel|x64
		{F3949406-ACB3-3535-A9E9-0A3E137C9BE2}.RelWithDebInfo|x64.ActiveCfg = RelWithDebInfo|x64
		{B35B0AE2-7275-3082-997D-0647F17354FE}.Debug|x64.ActiveCfg = Debug|x64
		{B35B0AE2-7275-3082-997D-0647F17354FE}.Debug|x64.Build.0 = Debug|x64
		{B35B0AE2-7275-3082-997D-0647F17354FE}.Release|x64.ActiveCfg = Release|x64
		{B35B0AE2-7275-3082-997D-0647F17354FE}.Release|x64.Build.0 = Release|x64
		{B35B0AE2-7275-3082-997D-0647F17354FE}.MinSizeRel|x64.ActiveCfg = MinSizeRel|x64
		{B35B0AE2-7275-3082-997D-0647F17354FE}.MinSizeRel|x64.Build.0 = MinSizeRel|x64
		{B35B0AE2-7275-3082-997D-0647F17354FE}.RelWithDebInfo|x64.ActiveCfg = RelWithDebInfo|x64
		{B35B0AE2-7275-3082-997D-0647F17354FE}.RelWithDebInfo|x64.Build.0 = RelWithDebInfo|x64
		{19A1E1FA-871A-3784-B894-40DDBC377298}.Debug|x64.ActiveCfg = Debug|x64
		{19A1E1FA-871A-3784-B894-40DDBC377298}.Debug|x64.Build.0 = Debug|x64
		{19A1E1FA-871A-3784-B894-40DDBC377298}.Release|x64.ActiveCfg = Release|x64
		{19A1E1FA-871A-3784-B894-40DDBC377298}.Release|x64.Build.0 = Release|x64
		{19A1E1FA-871A-3784-B894-40DDBC377298}.MinSizeRel|x64.ActiveCfg = MinSizeRel|x64
		{19A1E1FA-871A-3784-B894-40DDBC377298}.MinSizeRel|x64.Build.0 = MinSizeRel|x64
		{19A1E1FA-871A-3784-B894-40DDBC377298}.RelWithDebInfo|x64.ActiveCfg = RelWithDebInfo|x64
		{19A1E1FA-871A-3784-B894-40DDBC377298}.RelWithDebInfo|x64.Build.0 = RelWithDebInfo|x64
		{CF07F4F0-9AC3-3EB0-A44C-5FDD29F86C7B}.Debug|x64.ActiveCfg = Debug|x64
		{CF07F4F0-9AC3-3EB0-A44C-5FDD29F86C7B}.Debug|x64.Build.0 = Debug|x64
		{CF07F4F0-9AC3-3EB0-A44C-5FDD29F86C7B}.Release|x64.ActiveCfg = Release|x64
		{CF07F4F0-9AC3-3EB0-A44C-5FDD29F86C7B}.Release|x64.Build.0 = Release|x64
		{CF07F4F0-9AC3-3EB0-A44C-5FDD29F86C7B}.MinSizeRel|x64.ActiveCfg = MinSizeRel|x64
		{CF07F4F0-9AC3-3EB0-A44C-5FDD29F86C7B}.MinSizeRel|x64.Build.0 = MinSizeRel|x64
		{CF07F4F0-9AC3-3EB0-A44C-5FDD29F86C7B}.RelWithDebInfo|x64.ActiveCfg = RelWithDebInfo|x64
		{CF07F4F0-9AC3-3EB0-A44C-5FDD29F86C7B}.RelWithDebInfo|x64.Build.0 = RelWithDebInfo|x64
		{86F9A7E0-9E72-3A89-87B9-15307E6F0B9C}.Debug|x64.ActiveCfg = Debug|x64
		{86F9A7E0-9E72-3A89-87B9-15307E6F0B9C}.Debug|x64.Build.0 = Debug|x64
		{86F9A7E0-9E72-3A89-87B9-15307E6F0B9C}.Release|x64.ActiveCfg = Release|x64
		{86F9A7E0-9E72-3A89-87B9-15307E6F0B9C}.Release|x64.Build.0 = Release|x64
		{86F9A7E0-9E72-3A89-87B9-15307E6F0B9C}.MinSizeRel|x64.ActiveCfg = MinSizeRel|x64
		{86F9A7E0-9E72-3A89-87B9-15307E6F0B9C}.MinSizeRel|x64.Build.0 = MinSizeRel|x64
		{86F9A7E0-9E72-3A89-87B9-15307E6F0B9C}.RelWithDebInfo|x64.ActiveCfg = RelWithDebInfo|x64
		{86F9A7E0-9E72-3A89-87B9-15307E6F0B9C}.RelWithDebInfo|x64.Build.0 = RelWithDebInfo|x64
		{E1B3543A-8857-3C6E-8548-525EAFE4EFE3}.Debug|x64.ActiveCfg = Debug|x64
		{E1B3543A-8857-3C6E-8548-525EAFE4EFE3}.Debug|x64.Build.0 = Debug|x64
		{E1B3543A-8857-3C6E-8548-525EAFE4EFE3}.Release|x64.ActiveCfg = Release|x64
		{E1B3543A-8857-3C6E-8548-525EAFE4EFE3}.Release|x64.Build.0 = Release|x64
		{E1B3543A-8857-3C6E-8548-525EAFE4EFE3}.MinSizeRel|x64.ActiveCfg = MinSizeRel|x64
		{E1B3543A-8857-3C6E-8548-525EAFE4EFE3}.MinSizeRel|x64.Build.0 = MinSizeRel|x64
		{E1B3543A-8857-3C6E-8548-525EAFE4EFE3}.RelWithDebInfo|x64.ActiveCfg = RelWithDebInfo|x64
		{E1B3543A-8857-3C6E-8548-525EAFE4EFE3}.RelWithDebInfo|x64.Build.0 = RelWithDebInfo|x64
		{5D2E31B7-659B-3A3F-9109-5194AE942352}.Debug|x64.ActiveCfg = Debug|x64
		{5D2E31B7-659B-3A3F-9109-5194AE942352}.Debug|x64.Build.0 = Debug|x64
		{5D2E31B7-659B-3A3F-9109-5194AE942352}.Release|x64.ActiveCfg = Release|x64
		{5D2E31B7-659B-3A3F-9109-5194AE942352}.Release|x64.Build.0 = Release|x64
		{5D2E31B7-659B-3A3F-9109-5194AE942352}.MinSizeRel|x64.ActiveCfg = MinSizeRel|x64
		{5D2E31B7-659B-3A3F-9109-5194AE942352}.MinSizeRel|x64.Build.0 = MinSizeRel|x64
		{5D2E31B7-659B-3A3F-9109-5194AE942352}.RelWithDebInfo|x64.ActiveCfg = RelWithDebInfo|x64
		{5D2E31B7-659B-3A3F-9109-5194AE942352}.RelWithDebInfo|x64.Build.0 = RelWithDebInfo|x64
		{3BC3F827-FA54-3ED6-8631-6F230D044134}.Debug|x64.ActiveCfg = Debug|x64
		{3BC3F827-FA54-3ED6-8631-6F230D044134}.Debug|x64.Build.0 = Debug|x64
		{3BC3F827-FA54-3ED6-8631-6F230D044134}.Release|x64.ActiveCfg = Release|x64
		{3BC3F827-FA54-3ED6-8631-6F230D044134}.Release|x64.Build.0 = Release|x64
		{3BC3F827-FA54-3ED6-8631-6F230D044134}.MinSizeRel|x64.ActiveCfg = MinSizeRel|x64
		{3BC3F827-FA54-3ED6-8631-6F230D044134}.MinSizeRel|x64.Build.0 = MinSizeRel|x64
		{3BC3F827-FA54-3ED6-8631-6F230D044134}.RelWithDebInfo|x64.ActiveCfg = RelWithDebInfo|x64
		{3BC3F827-FA54-3ED6-8631-6F230D044134}.RelWithDebInfo|x64.Build.0 = RelWithDebInfo|x64
		{8B949DCC-F771-359A-8FD0-072F6E6F02DF}.Debug|x64.ActiveCfg = Debug|x64
		{8B949DCC-F771-359A-8FD0-072F6E6F02DF}.Debug|x64.Build.0 = Debug|x64
		{8B949DCC-F771-359A-8FD0-072F6E6F02DF}.Release|x64.ActiveCfg = Release|x64
		{8B949DCC-F771-359A-8FD0-072F6E6F02DF}.Release|x64.Build.0 = Release|x64
		{8B949DCC-F771-359A-8FD0-072F6E6F02DF}.MinSizeRel|x64.ActiveCfg = MinSizeRel|x64
		{8B949DCC-F771-359A-8FD0-072F6E6F02DF}.MinSizeRel|x64.Build.0 = MinSizeRel|x64
		{8B949DCC-F771-359A-8FD0-072F6E6F02DF}.RelWithDebInfo|x64.ActiveCfg = RelWithDebInfo|x64
		{8B949DCC-F771-359A-8FD0-072F6E6F02DF}.RelWithDebInfo|x64.Build.0 = RelWithDebInfo|x64
		{2A33DE77-186D-3A81-A496-88FA879A332C}.Debug|x64.ActiveCfg = Debug|x64
		{2A33DE77-186D-3A81-A496-88FA879A332C}.Debug|x64.Build.0 = Debug|x64
		{2A33DE77-186D-3A81-A496-88FA879A332C}.Release|x64.ActiveCfg = Release|x64
		{2A33DE77-186D-3A81-A496-88FA879A332C}.Release|x64.Build.0 = Release|x64
		{2A33DE77-186D-3A81-A496-88FA879A332C}.MinSizeRel|x64.ActiveCfg = MinSizeRel|x64
		{2A33DE77-186D-3A81-A496-88FA879A332C}.MinSizeRel|x64.Build.0 = MinSizeRel|x64
		{2A33DE77-186D-3A81-A496-88FA879A332C}.RelWithDebInfo|x64.ActiveCfg = RelWithDebInfo|x64
		{2A33DE77-186D-3A81-A496-88FA879A332C}.RelWithDebInfo|x64.Build.0 = RelWithDebInfo|x64
		{3EA70C17-FD13-39E3-BD53-2DA355224F5E}.Debug|x64.ActiveCfg = Debug|x64
		{3EA70C17-FD13-39E3-BD53-2DA355224F5E}.Debug|x64.Build.0 = Debug|x64
		{3EA70C17-FD13-39E3-BD53-2DA355224F5E}.Release|x64.ActiveCfg = Release|x64
		{3EA70C17-FD13-39E3-BD53-2DA355224F5E}.Release|x64.Build.0 = Release|x64
		{3EA70C17-FD13-39E3-BD53-2DA355224F5E}.MinSizeRel|x64.ActiveCfg = MinSizeRel|x64
		{3EA70C17-FD13-39E3-BD53-2DA355224F5E}.MinSizeRel|x64.Build.0 = MinSizeRel|x64
		{3EA70C17-FD13-39E3-BD53-2DA355224F5E}.RelWithDebInfo|x64.ActiveCfg = RelWithDebInfo|x64
		{3EA70C17-FD13-39E3-BD53-2DA355224F5E}.RelWithDebInfo|x64.Build.0 = RelWithDebInfo|x64
	EndGlobalSection
	GlobalSection(ExtensibilityGlobals) = postSolution
		SolutionGuid = {AD5085A3-CCE7-387D-9D14-64F04336C560}
	EndGlobalSection
	GlobalSection(ExtensibilityAddIns) = postSolution
	EndGlobalSection
EndGlobal
