<?xml version="1.0" encoding="utf-8"?>
<Project ToolsVersion="4.0" xmlns="http://schemas.microsoft.com/developer/msbuild/2003">
  <ItemGroup>
    <Filter Include="소스 파일">
      <UniqueIdentifier>{4FC737F1-C7A5-4376-A066-2A32D752A2FF}</UniqueIdentifier>
      <Extensions>cpp;c;cc;cxx;c++;cppm;ixx;def;odl;idl;hpj;bat;asm;asmx</Extensions>
    </Filter>
    <Filter Include="헤더 파일">
      <UniqueIdentifier>{93995380-89BD-4b04-88EB-625FBE52EBFB}</UniqueIdentifier>
      <Extensions>h;hh;hpp;hxx;h++;hm;inl;inc;ipp;xsd</Extensions>
    </Filter>
    <Filter Include="리소스 파일">
      <UniqueIdentifier>{67DA6AB6-F800-4c08-8B7A-83BB121AAD01}</UniqueIdentifier>
      <Extensions>rc;ico;cur;bmp;dlg;rc2;rct;bin;rgs;gif;jpg;jpeg;jpe;resx;tiff;tif;png;wav;mfcribbon-ms</Extensions>
    </Filter>
    <Filter Include="ProtoType">
      <UniqueIdentifier>{c5af8741-9e32-4412-bb73-69c74095eca8}</UniqueIdentifier>
    </Filter>
  </ItemGroup>
  <ItemGroup>
    <ClInclude Include="framework.h">
      <Filter>헤더 파일</Filter>
    </ClInclude>
    <ClInclude Include="pch.h">
      <Filter>헤더 파일</Filter>
    </ClInclude>
    <ClInclude Include="chat.pb.h">
      <Filter>헤더 파일</Filter>
    </ClInclude>
    <ClInclude Include="adapter.pb.h">
      <Filter>헤더 파일</Filter>
    </ClInclude>
    <ClInclude Include="login.pb.h">
      <Filter>헤더 파일</Filter>
    </ClInclude>
    <ClInclude Include="result.pb.h">
      <Filter>헤더 파일</Filter>
    </ClInclude>
    <ClInclude Include="WeizenbierProto.h">
      <Filter>헤더 파일</Filter>
    </ClInclude>
  </ItemGroup>
  <ItemGroup>
    <ClCompile Include="CommonType.cpp">
      <Filter>소스 파일</Filter>
    </ClCompile>
    <ClCompile Include="pch.cpp">
      <Filter>소스 파일</Filter>
    </ClCompile>
    <ClCompile Include="chat.pb.cc">
      <Filter>소스 파일</Filter>
    </ClCompile>
    <ClCompile Include="adapter.pb.cc">
      <Filter>소스 파일</Filter>
    </ClCompile>
    <ClCompile Include="login.pb.cc">
      <Filter>소스 파일</Filter>
    </ClCompile>
    <ClCompile Include="result.pb.cc">
      <Filter>소스 파일</Filter>
    </ClCompile>
  </ItemGroup>
  <ItemGroup>
    <CustomBuild Include="..\ProtoType\chat.proto">
      <Filter>ProtoType</Filter>
    </CustomBuild>
    <CustomBuild Include="..\ProtoType\adapter.proto">
      <Filter>ProtoType</Filter>
    </CustomBuild>
    <CustomBuild Include="..\ProtoType\login.proto">
      <Filter>ProtoType</Filter>
    </CustomBuild>
    <CustomBuild Include="..\ProtoType\result.proto">
      <Filter>ProtoType</Filter>
    </CustomBuild>
  </ItemGroup>
</Project>