<?xml version="1.0" encoding="utf-8"?>
<Project ToolsVersion="4.0" xmlns="http://schemas.microsoft.com/developer/msbuild/2003">
  <ItemGroup>
    <Filter Include="소스 파일">
      <UniqueIdentifier>{4FC737F1-C7A5-4376-A066-2A32D752A2FF}</UniqueIdentifier>
      <Extensions>cpp;c;cc;cxx;c++;cppm;ixx;def;odl;idl;hpj;bat;asm;asmx</Extensions>
    </Filter>
    <Filter Include="헤더 파일">
      <UniqueIdentifier>{93995380-89BD-4b04-88EB-625FBE52EBFB}</UniqueIdentifier>
      <Extensions>h;hh;hpp;hxx;h++;hm;inl;inc;ipp;xsd</Extensions>
    </Filter>
    <Filter Include="리소스 파일">
      <UniqueIdentifier>{67DA6AB6-F800-4c08-8B7A-83BB121AAD01}</UniqueIdentifier>
      <Extensions>rc;ico;cur;bmp;dlg;rc2;rct;bin;rgs;gif;jpg;jpeg;jpe;resx;tiff;tif;png;wav;mfcribbon-ms</Extensions>
    </Filter>
    <Filter Include="소스 파일\model">
      <UniqueIdentifier>{47e5029e-3d25-40d4-b3b9-f7651e78d953}</UniqueIdentifier>
    </Filter>
    <Filter Include="헤더 파일\model">
      <UniqueIdentifier>{481a1fbe-f56b-4ad9-ae2a-e836db27ef4b}</UniqueIdentifier>
    </Filter>
    <Filter Include="헤더 파일\atomdef">
      <UniqueIdentifier>{3b643a7e-dd33-4820-95ea-da66cc9606ce}</UniqueIdentifier>
    </Filter>
  </ItemGroup>
  <ItemGroup>
    <ClInclude Include="framework.h">
      <Filter>헤더 파일</Filter>
    </ClInclude>
    <ClInclude Include="pch.h">
      <Filter>헤더 파일</Filter>
    </ClInclude>
    <ClInclude Include="model\PlayCharacter.h">
      <Filter>헤더 파일\model</Filter>
    </ClInclude>
    <ClInclude Include="model\User.h">
      <Filter>헤더 파일\model</Filter>
    </ClInclude>
    <ClInclude Include="atomdef\ContentsEntity.h">
      <Filter>헤더 파일\atomdef</Filter>
    </ClInclude>
    <ClInclude Include="ServerContents.h">
      <Filter>헤더 파일</Filter>
    </ClInclude>
  </ItemGroup>
  <ItemGroup>
    <ClCompile Include="dllmain.cpp">
      <Filter>소스 파일</Filter>
    </ClCompile>
    <ClCompile Include="pch.cpp">
      <Filter>소스 파일</Filter>
    </ClCompile>
    <ClCompile Include="model\PlayCharacter.cpp">
      <Filter>소스 파일\model</Filter>
    </ClCompile>
    <ClCompile Include="model\User.cpp">
      <Filter>소스 파일\model</Filter>
    </ClCompile>
  </ItemGroup>
</Project>